
Microsoft Visual Studio Solution File, Format Version 12.00
# Visual Studio 15
VisualStudioVersion = 15.0.28307.168
MinimumVisualStudioVersion = 10.0.40219.1
Project("{FAE04EC0-301F-11D3-BF4B-00C04F79EFBC}") = "TrainingAndMeetingApplication", "TrainingAndMeetingApplication\TrainingAndMeetingApplication.csproj", "{C4AC9A4C-8AD9-40A0-AF49-8CD95E50342D}"
EndProject
Project("{FAE04EC0-301F-11D3-BF4B-00C04F79EFBC}") = "Models", "Models\Models.csproj", "{34A8000A-2EA5-447A-9D6E-337ABE1DA5F7}"
EndProject
Project("{FAE04EC0-301F-11D3-BF4B-00C04F79EFBC}") = "DAL", "DAL\DAL.csproj", "{D02BACC8-3102-41EF-A0D0-4C1AF37BAED6}"
EndProject
Global
	GlobalSection(SolutionConfigurationPlatforms) = preSolution
		Debug|Any CPU = Debug|Any CPU
		Release|Any CPU = Release|Any CPU
	EndGlobalSection
	GlobalSection(ProjectConfigurationPlatforms) = postSolution
		{C4AC9A4C-8AD9-40A0-AF49-8CD95E50342D}.Debug|Any CPU.ActiveCfg = Debug|Any CPU
		{C4AC9A4C-8AD9-40A0-AF49-8CD95E50342D}.Debug|Any CPU.Build.0 = Debug|Any CPU
		{C4AC9A4C-8AD9-40A0-AF49-8CD95E50342D}.Release|Any CPU.ActiveCfg = Release|Any CPU
		{C4AC9A4C-8AD9-40A0-AF49-8CD95E50342D}.Release|Any CPU.Build.0 = Release|Any CPU
		{34A8000A-2EA5-447A-9D6E-337ABE1DA5F7}.Debug|Any CPU.ActiveCfg = Debug|Any CPU
		{34A8000A-2EA5-447A-9D6E-337ABE1DA5F7}.Debug|Any CPU.Build.0 = Debug|Any CPU
		{34A8000A-2EA5-447A-9D6E-337ABE1DA5F7}.Release|Any CPU.ActiveCfg = Release|Any CPU
		{34A8000A-2EA5-447A-9D6E-337ABE1DA5F7}.Release|Any CPU.Build.0 = Release|Any CPU
		{D02BACC8-3102-41EF-A0D0-4C1AF37BAED6}.Debug|Any CPU.ActiveCfg = Debug|Any CPU
		{D02BACC8-3102-41EF-A0D0-4C1AF37BAED6}.Debug|Any CPU.Build.0 = Debug|Any CPU
		{D02BACC8-3102-41EF-A0D0-4C1AF37BAED6}.Release|Any CPU.ActiveCfg = Release|Any CPU
		{D02BACC8-3102-41EF-A0D0-4C1AF37BAED6}.Release|Any CPU.Build.0 = Release|Any CPU
	EndGlobalSection
	GlobalSection(SolutionProperties) = preSolution
		HideSolutionNode = FALSE
	EndGlobalSection
	GlobalSection(ExtensibilityGlobals) = postSolution
		SolutionGuid = {10990B8C-20C2-482C-80E1-2395DAC7BEA6}
	EndGlobalSection
EndGlobal
